// !$*UTF8*$!
{
	archiveVersion = 1;
	classes = {
	};
	objectVersion = 50;
	objects = {

/* Begin PBXBuildFile section */
		DFF5E33A250002CD00A43AC7 /* AppDelegate.swift in Sources */ = {isa = PBXBuildFile; fileRef = DFF5E339250002CD00A43AC7 /* AppDelegate.swift */; };
		DFF5E33C250002CD00A43AC7 /* GameScene.sks in Resources */ = {isa = PBXBuildFile; fileRef = DFF5E33B250002CD00A43AC7 /* GameScene.sks */; };
		DFF5E33E250002CD00A43AC7 /* Actions.sks in Resources */ = {isa = PBXBuildFile; fileRef = DFF5E33D250002CD00A43AC7 /* Actions.sks */; };
		DFF5E340250002CD00A43AC7 /* GameScene.swift in Sources */ = {isa = PBXBuildFile; fileRef = DFF5E33F250002CD00A43AC7 /* GameScene.swift */; };
		DFF5E342250002CD00A43AC7 /* GameViewController.swift in Sources */ = {isa = PBXBuildFile; fileRef = DFF5E341250002CD00A43AC7 /* GameViewController.swift */; };
		DFF5E345250002CD00A43AC7 /* Main.storyboard in Resources */ = {isa = PBXBuildFile; fileRef = DFF5E343250002CD00A43AC7 /* Main.storyboard */; };
		DFF5E347250002D000A43AC7 /* Assets.xcassets in Resources */ = {isa = PBXBuildFile; fileRef = DFF5E346250002D000A43AC7 /* Assets.xcassets */; };
		DFF5E34A250002D000A43AC7 /* LaunchScreen.storyboard in Resources */ = {isa = PBXBuildFile; fileRef = DFF5E348250002D000A43AC7 /* LaunchScreen.storyboard */; };
/* End PBXBuildFile section */

/* Begin PBXFileReference section */
		DFF5E336250002CD00A43AC7 /* RPG Study.app */ = {isa = PBXFileReference; explicitFileType = wrapper.application; includeInIndex = 0; path = "RPG Study.app"; sourceTree = BUILT_PRODUCTS_DIR; };
		DFF5E339250002CD00A43AC7 /* AppDelegate.swift */ = {isa = PBXFileReference; lastKnownFileType = sourcecode.swift; path = AppDelegate.swift; sourceTree = "<group>"; };
		DFF5E33B250002CD00A43AC7 /* GameScene.sks */ = {isa = PBXFileReference; lastKnownFileType = file.sks; path = GameScene.sks; sourceTree = "<group>"; };
		DFF5E33D250002CD00A43AC7 /* Actions.sks */ = {isa = PBXFileReference; lastKnownFileType = file.sks; path = Actions.sks; sourceTree = "<group>"; };
		DFF5E33F250002CD00A43AC7 /* GameScene.swift */ = {isa = PBXFileReference; lastKnownFileType = sourcecode.swift; path = GameScene.swift; sourceTree = "<group>"; };
		DFF5E341250002CD00A43AC7 /* GameViewController.swift */ = {isa = PBXFileReference; lastKnownFileType = sourcecode.swift; path = GameViewController.swift; sourceTree = "<group>"; };
		DFF5E344250002CD00A43AC7 /* Base */ = {isa = PBXFileReference; lastKnownFileType = file.storyboard; name = Base; path = Base.lproj/Main.storyboard; sourceTree = "<group>"; };
		DFF5E346250002D000A43AC7 /* Assets.xcassets */ = {isa = PBXFileReference; lastKnownFileType = folder.assetcatalog; path = Assets.xcassets; sourceTree = "<group>"; };
		DFF5E349250002D000A43AC7 /* Base */ = {isa = PBXFileReference; lastKnownFileType = file.storyboard; name = Base; path = Base.lproj/LaunchScreen.storyboard; sourceTree = "<group>"; };
		DFF5E34B250002D000A43AC7 /* Info.plist */ = {isa = PBXFileReference; lastKnownFileType = text.plist.xml; path = Info.plist; sourceTree = "<group>"; };
/* End PBXFileReference section */

/* Begin PBXFrameworksBuildPhase section */
		DFF5E333250002CD00A43AC7 /* Frameworks */ = {
			isa = PBXFrameworksBuildPhase;
			buildActionMask = 2147483647;
			files = (
			);
			runOnlyForDeploymentPostprocessing = 0;
		};
/* End PBXFrameworksBuildPhase section */

/* Begin PBXGroup section */
		DFF5E32D250002CD00A43AC7 = {
			isa = PBXGroup;
			children = (
				DFF5E338250002CD00A43AC7 /* RPG Study */,
				DFF5E337250002CD00A43AC7 /* Products */,
			);
			sourceTree = "<group>";
		};
		DFF5E337250002CD00A43AC7 /* Products */ = {
			isa = PBXGroup;
			children = (
				DFF5E336250002CD00A43AC7 /* RPG Study.app */,
			);
			name = Products;
			sourceTree = "<group>";
		};
		DFF5E338250002CD00A43AC7 /* RPG Study */ = {
			isa = PBXGroup;
			children = (
				DFF5E339250002CD00A43AC7 /* AppDelegate.swift */,
				DFF5E33B250002CD00A43AC7 /* GameScene.sks */,
				DFF5E33D250002CD00A43AC7 /* Actions.sks */,
				DFF5E33F250002CD00A43AC7 /* GameScene.swift */,
				DFF5E341250002CD00A43AC7 /* GameViewController.swift */,
				DFF5E343250002CD00A43AC7 /* Main.storyboard */,
				DFF5E346250002D000A43AC7 /* Assets.xcassets */,
				DFF5E348250002D000A43AC7 /* LaunchScreen.storyboard */,
				DFF5E34B250002D000A43AC7 /* Info.plist */,
			);
			path = "RPG Study";
			sourceTree = "<group>";
		};
/* End PBXGroup section */

/* Begin PBXNativeTarget section */
		DFF5E335250002CD00A43AC7 /* RPG Study */ = {
			isa = PBXNativeTarget;
			buildConfigurationList = DFF5E34E250002D000A43AC7 /* Build configuration list for PBXNativeTarget "RPG Study" */;
			buildPhases = (
				DFF5E332250002CD00A43AC7 /* Sources */,
				DFF5E333250002CD00A43AC7 /* Frameworks */,
				DFF5E334250002CD00A43AC7 /* Resources */,
			);
			buildRules = (
			);
			dependencies = (
			);
			name = "RPG Study";
			productName = "RPG Study";
			productReference = DFF5E336250002CD00A43AC7 /* RPG Study.app */;
			productType = "com.apple.product-type.application";
		};
/* End PBXNativeTarget section */

/* Begin PBXProject section */
		DFF5E32E250002CD00A43AC7 /* Project object */ = {
			isa = PBXProject;
			attributes = {
				LastSwiftUpdateCheck = 1170;
				LastUpgradeCheck = 1170;
				ORGANIZATIONNAME = "Preston Attebery";
				TargetAttributes = {
					DFF5E335250002CD00A43AC7 = {
						CreatedOnToolsVersion = 11.7;
					};
				};
			};
			buildConfigurationList = DFF5E331250002CD00A43AC7 /* Build configuration list for PBXProject "RPG Study" */;
			compatibilityVersion = "Xcode 9.3";
			developmentRegion = en;
			hasScannedForEncodings = 0;
			knownRegions = (
				en,
				Base,
			);
			mainGroup = DFF5E32D250002CD00A43AC7;
			productRefGroup = DFF5E337250002CD00A43AC7 /* Products */;
			projectDirPath = "";
			projectRoot = "";
			targets = (
				DFF5E335250002CD00A43AC7 /* RPG Study */,
			);
		};
/* End PBXProject section */

/* Begin PBXResourcesBuildPhase section */
		DFF5E334250002CD00A43AC7 /* Resources */ = {
			isa = PBXResourcesBuildPhase;
			buildActionMask = 2147483647;
			files = (
				DFF5E345250002CD00A43AC7 /* Main.storyboard in Resources */,
				DFF5E33C250002CD00A43AC7 /* GameScene.sks in Resources */,
				DFF5E347250002D000A43AC7 /* Assets.xcassets in Resources */,
				DFF5E34A250002D000A43AC7 /* LaunchScreen.storyboard in Resources */,
				DFF5E33E250002CD00A43AC7 /* Actions.sks in Resources */,
			);
			runOnlyForDeploymentPostprocessing = 0;
		};
/* End PBXResourcesBuildPhase section */

/* Begin PBXSourcesBuildPhase section */
		DFF5E332250002CD00A43AC7 /* Sources */ = {
			isa = PBXSourcesBuildPhase;
			buildActionMask = 2147483647;
			files = (
				DFF5E340250002CD00A43AC7 /* GameScene.swift in Sources */,
				DFF5E342250002CD00A43AC7 /* GameViewController.swift in Sources */,
				DFF5E33A250002CD00A43AC7 /* AppDelegate.swift in Sources */,
			);
			runOnlyForDeploymentPostprocessing = 0;
		};
/* End PBXSourcesBuildPhase section */

/* Begin PBXVariantGroup section */
		DFF5E343250002CD00A43AC7 /* Main.storyboard */ = {
			isa = PBXVariantGroup;
			children = (
				DFF5E344250002CD00A43AC7 /* Base */,
			);
			name = Main.storyboard;
			sourceTree = "<group>";
		};
		DFF5E348250002D000A43AC7 /* LaunchScreen.storyboard */ = {
			isa = PBXVariantGroup;
			children = (
				DFF5E349250002D000A43AC7 /* Base */,
			);
			name = LaunchScreen.storyboard;
			sourceTree = "<group>";
		};
/* End PBXVariantGroup section */

/* Begin XCBuildConfiguration section */
		DFF5E34C250002D000A43AC7 /* Debug */ = {
			isa = XCBuildConfiguration;
			buildSettings = {
				ALWAYS_SEARCH_USER_PATHS = NO;
				CLANG_ANALYZER_NONNULL = YES;
				CLANG_ANALYZER_NUMBER_OBJECT_CONVERSION = YES_AGGRESSIVE;
				CLANG_CXX_LANGUAGE_STANDARD = "gnu++14";
				CLANG_CXX_LIBRARY = "libc++";
				CLANG_ENABLE_MODULES = YES;
				CLANG_ENABLE_OBJC_ARC = YES;
				CLANG_ENABLE_OBJC_WEAK = YES;
				CLANG_WARN_BLOCK_CAPTURE_AUTORELEASING = YES;
				CLANG_WARN_BOOL_CONVERSION = YES;
				CLANG_WARN_COMMA = YES;
				CLANG_WARN_CONSTANT_CONVERSION = YES;
				CLANG_WARN_DEPRECATED_OBJC_IMPLEMENTATIONS = YES;
				CLANG_WARN_DIRECT_OBJC_ISA_USAGE = YES_ERROR;
				CLANG_WARN_DOCUMENTATION_COMMENTS = YES;
				CLANG_WARN_EMPTY_BODY = YES;
				CLANG_WARN_ENUM_CONVERSION = YES;
				CLANG_WARN_INFINITE_RECURSION = YES;
				CLANG_WARN_INT_CONVERSION = YES;
				CLANG_WARN_NON_LITERAL_NULL_CONVERSION = YES;
				CLANG_WARN_OBJC_IMPLICIT_RETAIN_SELF = YES;
				CLANG_WARN_OBJC_LITERAL_CONVERSION = YES;
				CLANG_WARN_OBJC_ROOT_CLASS = YES_ERROR;
				CLANG_WARN_RANGE_LOOP_ANALYSIS = YES;
				CLANG_WARN_STRICT_PROTOTYPES = YES;
				CLANG_WARN_SUSPICIOUS_MOVE = YES;
				CLANG_WARN_UNGUARDED_AVAILABILITY = YES_AGGRESSIVE;
				CLANG_WARN_UNREACHABLE_CODE = YES;
				CLANG_WARN__DUPLICATE_METHOD_MATCH = YES;
				COPY_PHASE_STRIP = NO;
				DEBUG_INFORMATION_FORMAT = dwarf;
				ENABLE_STRICT_OBJC_MSGSEND = YES;
				ENABLE_TESTABILITY = YES;
				GCC_C_LANGUAGE_STANDARD = gnu11;
				GCC_DYNAMIC_NO_PIC = NO;
				GCC_NO_COMMON_BLOCKS = YES;
				GCC_OPTIMIZATION_LEVEL = 0;
				GCC_PREPROCESSOR_DEFINITIONS = (
					"DEBUG=1",
					"$(inherited)",
				);
				GCC_WARN_64_TO_32_BIT_CONVERSION = YES;
				GCC_WARN_ABOUT_RETURN_TYPE = YES_ERROR;
				GCC_WARN_UNDECLARED_SELECTOR = YES;
				GCC_WARN_UNINITIALIZED_AUTOS = YES_AGGRESSIVE;
				GCC_WARN_UNUSED_FUNCTION = YES;
				GCC_WARN_UNUSED_VARIABLE = YES;
				IPHONEOS_DEPLOYMENT_TARGET = 13.7;
				MTL_ENABLE_DEBUG_INFO = INCLUDE_SOURCE;
				MTL_FAST_MATH = YES;
				ONLY_ACTIVE_ARCH = YES;
				SDKROOT = iphoneos;
				SWIFT_ACTIVE_COMPILATION_CONDITIONS = DEBUG;
				SWIFT_OPTIMIZATION_LEVEL = "-Onone";
			};
			name = Debug;
		};
		DFF5E34D250002D000A43AC7 /* Release */ = {
			isa = XCBuildConfiguration;
			buildSettings = {
				ALWAYS_SEARCH_USER_PATHS = NO;
				CLANG_ANALYZER_NONNULL = YES;
				CLANG_ANALYZER_NUMBER_OBJECT_CONVERSION = YES_AGGRESSIVE;
				CLANG_CXX_LANGUAGE_STANDARD = "gnu++14";
				CLANG_CXX_LIBRARY = "libc++";
				CLANG_ENABLE_MODULES = YES;
				CLANG_ENABLE_OBJC_ARC = YES;
				CLANG_ENABLE_OBJC_WEAK = YES;
				CLANG_WARN_BLOCK_CAPTURE_AUTORELEASING = YES;
				CLANG_WARN_BOOL_CONVERSION = YES;
				CLANG_WARN_COMMA = YES;
				CLANG_WARN_CONSTANT_CONVERSION = YES;
				CLANG_WARN_DEPRECATED_OBJC_IMPLEMENTATIONS = YES;
				CLANG_WARN_DIRECT_OBJC_ISA_USAGE = YES_ERROR;
				CLANG_WARN_DOCUMENTATION_COMMENTS = YES;
				CLANG_WARN_EMPTY_BODY = YES;
				CLANG_WARN_ENUM_CONVERSION = YES;
				CLANG_WARN_INFINITE_RECURSION = YES;
				CLANG_WARN_INT_CONVERSION = YES;
				CLANG_WARN_NON_LITERAL_NULL_CONVERSION = YES;
				CLANG_WARN_OBJC_IMPLICIT_RETAIN_SELF = YES;
				CLANG_WARN_OBJC_LITERAL_CONVERSION = YES;
				CLANG_WARN_OBJC_ROOT_CLASS = YES_ERROR;
				CLANG_WARN_RANGE_LOOP_ANALYSIS = YES;
				CLANG_WARN_STRICT_PROTOTYPES = YES;
				CLANG_WARN_SUSPICIOUS_MOVE = YES;
				CLANG_WARN_UNGUARDED_AVAILABILITY = YES_AGGRESSIVE;
				CLANG_WARN_UNREACHABLE_CODE = YES;
				CLANG_WARN__DUPLICATE_METHOD_MATCH = YES;
				COPY_PHASE_STRIP = NO;
				DEBUG_INFORMATION_FORMAT = "dwarf-with-dsym";
				ENABLE_NS_ASSERTIONS = NO;
				ENABLE_STRICT_OBJC_MSGSEND = YES;
				GCC_C_LANGUAGE_STANDARD = gnu11;
				GCC_NO_COMMON_BLOCKS = YES;
				GCC_WARN_64_TO_32_BIT_CONVERSION = YES;
				GCC_WARN_ABOUT_RETURN_TYPE = YES_ERROR;
				GCC_WARN_UNDECLARED_SELECTOR = YES;
				GCC_WARN_UNINITIALIZED_AUTOS = YES_AGGRESSIVE;
				GCC_WARN_UNUSED_FUNCTION = YES;
				GCC_WARN_UNUSED_VARIABLE = YES;
				IPHONEOS_DEPLOYMENT_TARGET = 13.7;
				MTL_ENABLE_DEBUG_INFO = NO;
				MTL_FAST_MATH = YES;
				SDKROOT = iphoneos;
				SWIFT_COMPILATION_MODE = wholemodule;
				SWIFT_OPTIMIZATION_LEVEL = "-O";
				VALIDATE_PRODUCT = YES;
			};
			name = Release;
		};
		DFF5E34F250002D000A43AC7 /* Debug */ = {
			isa = XCBuildConfiguration;
			buildSettings = {
				ASSETCATALOG_COMPILER_APPICON_NAME = AppIcon;
				CODE_SIGN_STYLE = Automatic;
				DEVELOPMENT_TEAM = MQ34C64R74;
				INFOPLIST_FILE = "RPG Study/Info.plist";
				LD_RUNPATH_SEARCH_PATHS = (
					"$(inherited)",
					"@executable_path/Frameworks",
				);
				PRODUCT_BUNDLE_IDENTIFIER = "pa.prestonattebery.RPG-Study";
				PRODUCT_NAME = "$(TARGET_NAME)";
				SWIFT_VERSION = 5.0;
				TARGETED_DEVICE_FAMILY = "1,2";
			};
			name = Debug;
		};
		DFF5E350250002D000A43AC7 /* Release */ = {
			isa = XCBuildConfiguration;
			buildSettings = {
				ASSETCATALOG_COMPILER_APPICON_NAME = AppIcon;
				CODE_SIGN_STYLE = Automatic;
				DEVELOPMENT_TEAM = MQ34C64R74;
				INFOPLIST_FILE = "RPG Study/Info.plist";
				LD_RUNPATH_SEARCH_PATHS = (
					"$(inherited)",
					"@executable_path/Frameworks",
				);
				PRODUCT_BUNDLE_IDENTIFIER = "pa.prestonattebery.RPG-Study";
				PRODUCT_NAME = "$(TARGET_NAME)";
				SWIFT_VERSION = 5.0;
				TARGETED_DEVICE_FAMILY = "1,2";
			};
			name = Release;
		};
/* End XCBuildConfiguration section */

/* Begin XCConfigurationList section */
		DFF5E331250002CD00A43AC7 /* Build configuration list for PBXProject "RPG Study" */ = {
			isa = XCConfigurationList;
			buildConfigurations = (
				DFF5E34C250002D000A43AC7 /* Debug */,
				DFF5E34D250002D000A43AC7 /* Release */,
			);
			defaultConfigurationIsVisible = 0;
			defaultConfigurationName = Release;
		};
		DFF5E34E250002D000A43AC7 /* Build configuration list for PBXNativeTarget "RPG Study" */ = {
			isa = XCConfigurationList;
			buildConfigurations = (
				DFF5E34F250002D000A43AC7 /* Debug */,
				DFF5E350250002D000A43AC7 /* Release */,
			);
			defaultConfigurationIsVisible = 0;
			defaultConfigurationName = Release;
		};
/* End XCConfigurationList section */
	};
	rootObject = DFF5E32E250002CD00A43AC7 /* Project object */;
}
